
Microsoft Visual Studio Solution File, Format Version 12.00
Project("{FAE04EC0-301F-11D3-BF4B-00C04F79EFBC}") = "MasterCRM.Api", "MasterCRM.Api\MasterCRM.Api.csproj", "{BEFF3A54-B7CC-4301-AC36-D910560C6DBE}"
EndProject
Global
	GlobalSection(SolutionConfigurationPlatforms) = preSolution
		Debug|Any CPU = Debug|Any CPU
		Release|Any CPU = Release|Any CPU
	EndGlobalSection
	GlobalSection(ProjectConfigurationPlatforms) = postSolution
		{BEFF3A54-B7CC-4301-AC36-D910560C6DBE}.Debug|Any CPU.ActiveCfg = Debug|Any CPU
		{BEFF3A54-B7CC-4301-AC36-D910560C6DBE}.Debug|Any CPU.Build.0 = Debug|Any CPU
		{BEFF3A54-B7CC-4301-AC36-D910560C6DBE}.Release|Any CPU.ActiveCfg = Release|Any CPU
		{BEFF3A54-B7CC-4301-AC36-D910560C6DBE}.Release|Any CPU.Build.0 = Release|Any CPU
	EndGlobalSection
EndGlobal
